
Microsoft Visual Studio Solution File, Format Version 12.00
# Visual Studio Version 17
VisualStudioVersion = 17.9.34714.143
MinimumVisualStudioVersion = 10.0.40219.1
Project("{9A19103F-16F7-4668-BE54-9A1E7A4F7556}") = "Medteh.API", "Medteh\Medteh.API.csproj", "{0CACB93C-2145-42AD-BA3B-6AD9DD5F1A75}"
EndProject
Project("{9A19103F-16F7-4668-BE54-9A1E7A4F7556}") = "Shop.Core", "Shop.Core\Shop.Core.csproj", "{1F03922E-434C-41F9-B1C3-256E70D7451D}"
EndProject
Project("{9A19103F-16F7-4668-BE54-9A1E7A4F7556}") = "Shop.DataAccess", "Shop.DataAccess\Shop.DataAccess.csproj", "{465EF10A-D544-4BFD-9524-B0FC456E421C}"
EndProject
Project("{9A19103F-16F7-4668-BE54-9A1E7A4F7556}") = "Product.Application", "Product.Application\Product.Application.csproj", "{5148810F-F127-429B-B9BF-7A7CF2078EE6}"
EndProject
Project("{9A19103F-16F7-4668-BE54-9A1E7A4F7556}") = "Shop.Infastracture", "Shop.Infastracture\Shop.Infastracture.csproj", "{9CFE4019-3D50-4177-BDD3-ABEED2835575}"
EndProject
Global
	GlobalSection(SolutionConfigurationPlatforms) = preSolution
		Debug|Any CPU = Debug|Any CPU
		Release|Any CPU = Release|Any CPU
	EndGlobalSection
	GlobalSection(ProjectConfigurationPlatforms) = postSolution
		{0CACB93C-2145-42AD-BA3B-6AD9DD5F1A75}.Debug|Any CPU.ActiveCfg = Debug|Any CPU
		{0CACB93C-2145-42AD-BA3B-6AD9DD5F1A75}.Debug|Any CPU.Build.0 = Debug|Any CPU
		{0CACB93C-2145-42AD-BA3B-6AD9DD5F1A75}.Release|Any CPU.ActiveCfg = Release|Any CPU
		{0CACB93C-2145-42AD-BA3B-6AD9DD5F1A75}.Release|Any CPU.Build.0 = Release|Any CPU
		{1F03922E-434C-41F9-B1C3-256E70D7451D}.Debug|Any CPU.ActiveCfg = Debug|Any CPU
		{1F03922E-434C-41F9-B1C3-256E70D7451D}.Debug|Any CPU.Build.0 = Debug|Any CPU
		{1F03922E-434C-41F9-B1C3-256E70D7451D}.Release|Any CPU.ActiveCfg = Release|Any CPU
		{1F03922E-434C-41F9-B1C3-256E70D7451D}.Release|Any CPU.Build.0 = Release|Any CPU
		{465EF10A-D544-4BFD-9524-B0FC456E421C}.Debug|Any CPU.ActiveCfg = Debug|Any CPU
		{465EF10A-D544-4BFD-9524-B0FC456E421C}.Debug|Any CPU.Build.0 = Debug|Any CPU
		{465EF10A-D544-4BFD-9524-B0FC456E421C}.Release|Any CPU.ActiveCfg = Release|Any CPU
		{465EF10A-D544-4BFD-9524-B0FC456E421C}.Release|Any CPU.Build.0 = Release|Any CPU
		{5148810F-F127-429B-B9BF-7A7CF2078EE6}.Debug|Any CPU.ActiveCfg = Debug|Any CPU
		{5148810F-F127-429B-B9BF-7A7CF2078EE6}.Debug|Any CPU.Build.0 = Debug|Any CPU
		{5148810F-F127-429B-B9BF-7A7CF2078EE6}.Release|Any CPU.ActiveCfg = Release|Any CPU
		{5148810F-F127-429B-B9BF-7A7CF2078EE6}.Release|Any CPU.Build.0 = Release|Any CPU
		{9CFE4019-3D50-4177-BDD3-ABEED2835575}.Debug|Any CPU.ActiveCfg = Debug|Any CPU
		{9CFE4019-3D50-4177-BDD3-ABEED2835575}.Debug|Any CPU.Build.0 = Debug|Any CPU
		{9CFE4019-3D50-4177-BDD3-ABEED2835575}.Release|Any CPU.ActiveCfg = Release|Any CPU
		{9CFE4019-3D50-4177-BDD3-ABEED2835575}.Release|Any CPU.Build.0 = Release|Any CPU
	EndGlobalSection
	GlobalSection(SolutionProperties) = preSolution
		HideSolutionNode = FALSE
	EndGlobalSection
	GlobalSection(ExtensibilityGlobals) = postSolution
		SolutionGuid = {24137B7F-760E-4D55-AE5C-161D24BE28CB}
	EndGlobalSection
EndGlobal
